// This lockfile was autogenerated by Pants. To regenerate, run:
//
//    pants generate-lockfiles --resolve=python-default
//
// --- BEGIN PANTS LOCKFILE METADATA: DO NOT EDIT OR REMOVE ---
// {
//   "version": 3,
//   "valid_for_interpreter_constraints": [
//     "CPython==3.10.15"
//   ],
//   "generated_with_requirements": [
//     "pydantic<2.0.0",
//     "typed-ffmpeg"
//   ],
//   "manylinux": "manylinux2014",
//   "requirement_constraints": [],
//   "only_binary": [],
//   "no_binary": []
// }
// --- END PANTS LOCKFILE METADATA ---

{
  "allow_builds": true,
  "allow_prereleases": false,
  "allow_wheels": true,
  "build_isolation": true,
  "constraints": [],
  "excluded": [],
  "locked_resolves": [
    {
      "locked_requirements": [
        {
          "artifacts": [
            {
              "algorithm": "sha256",
              "hash": "db70c920cba9d05c69ad4a9e7f8e9e83011abb2c6490e561de9ae24aee44925c",
              "url": "https://files.pythonhosted.org/packages/2d/a8/3e34e7127203ac002e1a5eb45108ef523d9196f75468fde5fdbec7544201/pydantic-1.10.21-py3-none-any.whl"
            },
            {
              "algorithm": "sha256",
              "hash": "6b64708009cfabd9c2211295144ff455ec7ceb4c4fb45a07a804309598f36187",
              "url": "https://files.pythonhosted.org/packages/0c/ea/15356ef7057776b1d930539d28aeca9ab4f750385d6f7ad0732a38275030/pydantic-1.10.21-cp310-cp310-manylinux_2_17_x86_64.manylinux2014_x86_64.whl"
            },
            {
              "algorithm": "sha256",
              "hash": "245e486e0fec53ec2366df9cf1cba36e0bbf066af7cd9c974bbbd9ba10e1e586",
              "url": "https://files.pythonhosted.org/packages/10/07/d416de2daba8088cb94ccf18c728e74c5194044106e3d0abfd1e80fe2f42/pydantic-1.10.21-cp310-cp310-macosx_10_9_x86_64.whl"
            },
            {
              "algorithm": "sha256",
              "hash": "6c54f8d4c151c1de784c5b93dfbb872067e3414619e10e21e695f7bb84d1d1fd",
              "url": "https://files.pythonhosted.org/packages/16/c3/d18f23da467f7e27b6149e45e631be61c80a71a461bec0935ba72a0e7a11/pydantic-1.10.21-cp310-cp310-macosx_11_0_arm64.whl"
            },
            {
              "algorithm": "sha256",
              "hash": "64b48e2b609a6c22178a56c408ee1215a7206077ecb8a193e2fda31858b2362a",
              "url": "https://files.pythonhosted.org/packages/c3/e9/d99a2c4f8f6d7c711f39f6ecf485b7f3bba66189bbbad505d24eb0106922/pydantic-1.10.21.tar.gz"
            },
            {
              "algorithm": "sha256",
              "hash": "8a148410fa0e971ba333358d11a6dea7b48e063de127c2b09ece9d1c1137dde4",
              "url": "https://files.pythonhosted.org/packages/ca/0d/cb79ab02376be10057e62075e6b6dfb902b90cf527d42a39521f917af984/pydantic-1.10.21-cp310-cp310-manylinux_2_5_i686.manylinux1_i686.manylinux_2_17_i686.manylinux2014_i686.whl"
            },
            {
              "algorithm": "sha256",
              "hash": "36ceadef055af06e7756eb4b871cdc9e5a27bdc06a45c820cd94b443de019bbf",
              "url": "https://files.pythonhosted.org/packages/ce/03/184c3df2b7f76fbe627d094e39f806c2ed6f445053ef18221c8092d5b96e/pydantic-1.10.21-cp310-cp310-musllinux_1_2_i686.whl"
            },
            {
              "algorithm": "sha256",
              "hash": "c0501e1d12df6ab1211b8cad52d2f7b2cd81f8e8e776d39aa5e71e2998d0379f",
              "url": "https://files.pythonhosted.org/packages/ec/6b/2230fce10bf4af27705e7013d33d2e02f69c478a5e40a80efd65011b7af8/pydantic-1.10.21-cp310-cp310-musllinux_1_2_x86_64.whl"
            }
          ],
          "project_name": "pydantic",
          "requires_dists": [
            "email-validator>=1.0.3; extra == \"email\"",
            "python-dotenv>=0.10.4; extra == \"dotenv\"",
            "typing-extensions>=4.2.0"
          ],
          "requires_python": ">=3.7",
          "version": "1.10.21"
        },
        {
          "artifacts": [
            {
              "algorithm": "sha256",
              "hash": "102f71ef57f2b9ba46017e9692dab2cbad8a3993cfcec40f2fe27bd5e575ef18",
              "url": "https://files.pythonhosted.org/packages/bb/02/e81ccca220e089a298b5ebd3307e0a20624bf2d2a54dc84d1caf33304893/typed_ffmpeg-2.6.2-py3-none-any.whl"
            },
            {
              "algorithm": "sha256",
              "hash": "ce9c1a21ce1ef1dc5e4078f9732ccd1ff2f8669c311978304aef52a7a5915df2",
              "url": "https://files.pythonhosted.org/packages/f2/cb/99de87b1a9ea5a537150dd85a88688dd6e3c751a882f0530c31e183ee80e/typed_ffmpeg-2.6.2.tar.gz"
            }
          ],
          "project_name": "typed-ffmpeg",
          "requires_dists": [
            "graphviz; extra == \"graph\""
          ],
          "requires_python": "<4.0,>=3.10",
          "version": "2.6.2"
        },
        {
          "artifacts": [
            {
              "algorithm": "sha256",
              "hash": "04e5ca0351e0f3f85c6853954072df659d0d13fac324d0072316b67d7794700d",
              "url": "https://files.pythonhosted.org/packages/26/9f/ad63fc0248c5379346306f8668cda6e2e2e9c95e01216d2b8ffd9ff037d0/typing_extensions-4.12.2-py3-none-any.whl"
            },
            {
              "algorithm": "sha256",
              "hash": "1a7ead55c7e559dd4dee8856e3a88b41225abfe1ce8df57b7c13915fe121ffb8",
              "url": "https://files.pythonhosted.org/packages/df/db/f35a00659bc03fec321ba8bce9420de607a1d37f8342eee1863174c69557/typing_extensions-4.12.2.tar.gz"
            }
          ],
          "project_name": "typing-extensions",
          "requires_dists": [],
          "requires_python": ">=3.8",
          "version": "4.12.2"
        }
      ],
      "platform_tag": null
    }
  ],
  "only_builds": [],
  "only_wheels": [],
  "overridden": [],
  "path_mappings": {},
  "pex_version": "2.20.3",
  "pip_version": "24.2",
  "prefer_older_binary": false,
  "requirements": [
    "pydantic<2.0.0",
    "typed-ffmpeg"
  ],
  "requires_python": [
    "==3.10.15"
  ],
  "resolver_version": "pip-2020-resolver",
  "style": "universal",
  "target_systems": [
    "linux",
    "mac"
  ],
  "transitive": true,
  "use_pep517": null,
  "use_system_time": false
}
